09d4bd44f3f72e01d02bc6df06b5db1a6a877351  latest_leapseconds.tls
9d0f6633d6a6c3eefb7e070a4cafb47bab3ecacb  lp_ask_980111-980531.bsp
7280d34c39c0efd7e2961b3ecf2f067c11382e0f  lp_ask_980601-981031.bsp
b3b3b09738875fd630d2611f174f36cb3b2586df  lp_ask_981101-990331.bsp
d0d1e3d67ab8f2640a288eed8f452e4895503b0d  lp_ask_990401-990730.bsp
1eece70640f2d1a2e5c7ad318a15af815819077f  lpephemu.bsp
5a224831c6b765d15e078cc7d8ceeab03a63d450  pck00011.tpc
